
Microsoft Visual Studio Solution File, Format Version 12.00
# Visual Studio Version 17
VisualStudioVersion = 17.8.34330.188
MinimumVisualStudioVersion = 10.0.40219.1
Project("{9A19103F-16F7-4668-BE54-9A1E7A4F7556}") = "GorillaBlocker", "GorillaBlocker.csproj", "{5252913A-8B92-4673-9CB1-BC1E9377F838}"
EndProject
Global
	GlobalSection(SolutionConfigurationPlatforms) = preSolution
		Debug|Any CPU = Debug|Any CPU
		Release|Any CPU = Release|Any CPU
	EndGlobalSection
	GlobalSection(ProjectConfigurationPlatforms) = postSolution
		{5252913A-8B92-4673-9CB1-BC1E9377F838}.Debug|Any CPU.ActiveCfg = Debug|Any CPU
		{5252913A-8B92-4673-9CB1-BC1E9377F838}.Debug|Any CPU.Build.0 = Debug|Any CPU
		{5252913A-8B92-4673-9CB1-BC1E9377F838}.Release|Any CPU.ActiveCfg = Release|Any CPU
		{5252913A-8B92-4673-9CB1-BC1E9377F838}.Release|Any CPU.Build.0 = Release|Any CPU
	EndGlobalSection
	GlobalSection(SolutionProperties) = preSolution
		HideSolutionNode = FALSE
	EndGlobalSection
	GlobalSection(ExtensibilityGlobals) = postSolution
		SolutionGuid = {B978201C-7445-4143-8B20-07FD0D5260E1}
	EndGlobalSection
EndGlobal
